
Microsoft Visual Studio Solution File, Format Version 12.00
# Visual Studio Version 17
VisualStudioVersion = 17.8.34330.188
MinimumVisualStudioVersion = 10.0.40219.1
Project("{FAE04EC0-301F-11D3-BF4B-00C04F79EFBC}") = "RJW_VE_patches", "RJW_VE_patches.csproj", "{41279753-C481-40FA-BBE4-DE38D94D628A}"
EndProject
Global
	GlobalSection(SolutionConfigurationPlatforms) = preSolution
		Debug|Any CPU = Debug|Any CPU
		Release|Any CPU = Release|Any CPU
	EndGlobalSection
	GlobalSection(ProjectConfigurationPlatforms) = postSolution
		{41279753-C481-40FA-BBE4-DE38D94D628A}.Debug|Any CPU.ActiveCfg = Debug|Any CPU
		{41279753-C481-40FA-BBE4-DE38D94D628A}.Debug|Any CPU.Build.0 = Debug|Any CPU
		{41279753-C481-40FA-BBE4-DE38D94D628A}.Release|Any CPU.ActiveCfg = Release|Any CPU
		{41279753-C481-40FA-BBE4-DE38D94D628A}.Release|Any CPU.Build.0 = Release|Any CPU
	EndGlobalSection
	GlobalSection(SolutionProperties) = preSolution
		HideSolutionNode = FALSE
	EndGlobalSection
	GlobalSection(ExtensibilityGlobals) = postSolution
		SolutionGuid = {33213734-8F5B-44BF-845F-CEFC7BBE2B43}
	EndGlobalSection
EndGlobal
